// !$*UTF8*$!
{
	archiveVersion = 1;
	classes = {
	};
	objectVersion = 77;
	objects = {

/* Begin PBXBuildFile section */
		0CA49C166F4BA0095C209F6A /* ContainerParser.swift in Sources */ = {isa = PBXBuildFile; fileRef = 408ECEE95FB20B7BA9AD0E09 /* ContainerParser.swift */; };
		103E3209D83C7A3BCBD11758 /* XHTMLTextExtractor.swift in Sources */ = {isa = PBXBuildFile; fileRef = 217937B46904680337F233AE /* XHTMLTextExtractor.swift */; };
		133727FD9E86AA3440396AAF /* ContainerParserTests.swift in Sources */ = {isa = PBXBuildFile; fileRef = DF24E16EC9736DA742B42FD3 /* ContainerParserTests.swift */; };
		16104F8A9D0F51C2D52F1C3C /* TTSEngineProtocol.swift in Sources */ = {isa = PBXBuildFile; fileRef = 6F4B3387788E5B2546EB891F /* TTSEngineProtocol.swift */; };
		1784BA61AE39F8AFDFA5E55F /* OPFParser.swift in Sources */ = {isa = PBXBuildFile; fileRef = 609802E47BF75D48BF09B8BC /* OPFParser.swift */; };
		25C720FC73D0ED5A9F511378 /* EPUBParserIntegrationTests.swift in Sources */ = {isa = PBXBuildFile; fileRef = D3F4543C6A47EA0081FF1883 /* EPUBParserIntegrationTests.swift */; };
		2C49A8B1B16FCD7D9CBE7022 /* Chapter.swift in Sources */ = {isa = PBXBuildFile; fileRef = CD55B9B3FCC1556BEE5E6DEC /* Chapter.swift */; };
		34C64330D13C29C13AAA51B0 /* XHTMLTextExtractorTests.swift in Sources */ = {isa = PBXBuildFile; fileRef = 18D5EA5C5277F758DC8DEC69 /* XHTMLTextExtractorTests.swift */; };
		3760C835AEDA0B7E3AD41BE9 /* TOCParser.swift in Sources */ = {isa = PBXBuildFile; fileRef = FB39394A3AA6ECF922C5A210 /* TOCParser.swift */; };
		3DA469351D1467832DF7735F /* Bookmark.swift in Sources */ = {isa = PBXBuildFile; fileRef = F5116056217C689187A4FD69 /* Bookmark.swift */; };
		3E0FEE0168957BC0A5ABF4FA /* BookTests.swift in Sources */ = {isa = PBXBuildFile; fileRef = 921D9FADBAFEE611F4340D65 /* BookTests.swift */; };
		4039071F6DE8161F5826182D /* ReadingPosition.swift in Sources */ = {isa = PBXBuildFile; fileRef = FEDD195E904ED109122A6E2B /* ReadingPosition.swift */; };
		4F5C4DDE24A2A14E5EDE103C /* TOCParserTests.swift in Sources */ = {isa = PBXBuildFile; fileRef = 4C8797AE309324861A45E166 /* TOCParserTests.swift */; };
		561E2D65651E5560586FF0B6 /* MigrationPlan.swift in Sources */ = {isa = PBXBuildFile; fileRef = 04E86756D51D30B6BDA74BD0 /* MigrationPlan.swift */; };
		60677B1DA0FCD643BA5EDAB1 /* BookImportServiceTests.swift in Sources */ = {isa = PBXBuildFile; fileRef = 6BFCF23B8C2C737C54C29625 /* BookImportServiceTests.swift */; };
		637E081E35A2AB9E1AC50BEF /* EPUBParser.swift in Sources */ = {isa = PBXBuildFile; fileRef = BB3356C9905B59B77F24A887 /* EPUBParser.swift */; };
		693E65938974338DA2523A68 /* ZIPFoundation in Frameworks */ = {isa = PBXBuildFile; productRef = 8832FC96FFCB76EF8B930233 /* ZIPFoundation */; };
		6A86AB3116B990A455FECCB0 /* PlaybackCoordinator.swift in Sources */ = {isa = PBXBuildFile; fileRef = 85E379FB2B4ABF19B562B4A9 /* PlaybackCoordinator.swift */; };
		746DA7D42DCD267AF677B520 /* PlaybackCoordinatorTests.swift in Sources */ = {isa = PBXBuildFile; fileRef = 5946D1C0AA712B0A617B0E68 /* PlaybackCoordinatorTests.swift */; };
		76A8D9B6C96F21C1FB61C314 /* BookImportService.swift in Sources */ = {isa = PBXBuildFile; fileRef = 663ABCF42DD0A0D248EDE766 /* BookImportService.swift */; };
		A6C28E88360A9B74B50464B8 /* MockTTSEngine.swift in Sources */ = {isa = PBXBuildFile; fileRef = 83BAFF40F6F2667453458DFE /* MockTTSEngine.swift */; };
		B321831F42FB3BD7B82DF610 /* OPFParserTests.swift in Sources */ = {isa = PBXBuildFile; fileRef = BDEA75388DDC7456CBF64C9F /* OPFParserTests.swift */; };
		B9937B4088C0BE75899F7E33 /* MockTTSEngineTests.swift in Sources */ = {isa = PBXBuildFile; fileRef = A8F6ED68EA284A630A2506A7 /* MockTTSEngineTests.swift */; };
		B9CF53F97A010B042BB3EE36 /* ZIPFoundation in Frameworks */ = {isa = PBXBuildFile; productRef = AD1B97080E17DEE4A6E54088 /* ZIPFoundation */; };
		C1479AC6097E63A4E107CFA5 /* Book.swift in Sources */ = {isa = PBXBuildFile; fileRef = DA20B3E600DC2024D14B5C79 /* Book.swift */; };
		CA6464A45233F906A6D0CE11 /* LibraryView.swift in Sources */ = {isa = PBXBuildFile; fileRef = 156F0969985E043113E89932 /* LibraryView.swift */; };
		CC6288AF598EF3C0132F352F /* SystemTTSEngine.swift in Sources */ = {isa = PBXBuildFile; fileRef = A3B572F52A945B7F4032102D /* SystemTTSEngine.swift */; };
		CD8E66AB72009273CB2CE5CF /* EpubAudiobookTests.swift in Sources */ = {isa = PBXBuildFile; fileRef = 48264C4082D04B62511FD22F /* EpubAudiobookTests.swift */; };
		D5A36D05D51A80C1C14BDC72 /* SchemaV1.swift in Sources */ = {isa = PBXBuildFile; fileRef = 155F7735C44C010D2BA4DD35 /* SchemaV1.swift */; };
		E0D87D455E141588D54734FC /* EpubAudiobookApp.swift in Sources */ = {isa = PBXBuildFile; fileRef = 10DF3B4649DC79C9BADF5EE1 /* EpubAudiobookApp.swift */; };
		E3848B6B8517670CF1CA8F91 /* EpubAudiobookUITests.swift in Sources */ = {isa = PBXBuildFile; fileRef = 01A40164C8545C84642507FA /* EpubAudiobookUITests.swift */; };
		FCF6A418D8DD74EACF5870A1 /* SystemTTSEngineTests.swift in Sources */ = {isa = PBXBuildFile; fileRef = 734A630F6BBE4EBA5E43C64B /* SystemTTSEngineTests.swift */; };
/* End PBXBuildFile section */

/* Begin PBXContainerItemProxy section */
		3EF5570964F39D18226FF804 /* PBXContainerItemProxy */ = {
			isa = PBXContainerItemProxy;
			containerPortal = FF56F9591A6EC3C777D6CE68 /* Project object */;
			proxyType = 1;
			remoteGlobalIDString = 1CA9CEC40927D68ADE9F1136;
			remoteInfo = "epub-audiobook";
		};
		E51E6F6B32ECBA2526A787C9 /* PBXContainerItemProxy */ = {
			isa = PBXContainerItemProxy;
			containerPortal = FF56F9591A6EC3C777D6CE68 /* Project object */;
			proxyType = 1;
			remoteGlobalIDString = 1CA9CEC40927D68ADE9F1136;
			remoteInfo = "epub-audiobook";
		};
/* End PBXContainerItemProxy section */

/* Begin PBXFileReference section */
		01A40164C8545C84642507FA /* EpubAudiobookUITests.swift */ = {isa = PBXFileReference; lastKnownFileType = sourcecode.swift; path = EpubAudiobookUITests.swift; sourceTree = "<group>"; };
		04E86756D51D30B6BDA74BD0 /* MigrationPlan.swift */ = {isa = PBXFileReference; lastKnownFileType = sourcecode.swift; path = MigrationPlan.swift; sourceTree = "<group>"; };
		10DF3B4649DC79C9BADF5EE1 /* EpubAudiobookApp.swift */ = {isa = PBXFileReference; lastKnownFileType = sourcecode.swift; path = EpubAudiobookApp.swift; sourceTree = "<group>"; };
		155F7735C44C010D2BA4DD35 /* SchemaV1.swift */ = {isa = PBXFileReference; lastKnownFileType = sourcecode.swift; path = SchemaV1.swift; sourceTree = "<group>"; };
		156F0969985E043113E89932 /* LibraryView.swift */ = {isa = PBXFileReference; lastKnownFileType = sourcecode.swift; path = LibraryView.swift; sourceTree = "<group>"; };
		18D5EA5C5277F758DC8DEC69 /* XHTMLTextExtractorTests.swift */ = {isa = PBXFileReference; lastKnownFileType = sourcecode.swift; path = XHTMLTextExtractorTests.swift; sourceTree = "<group>"; };
		217937B46904680337F233AE /* XHTMLTextExtractor.swift */ = {isa = PBXFileReference; lastKnownFileType = sourcecode.swift; path = XHTMLTextExtractor.swift; sourceTree = "<group>"; };
		37250945424EEEA610FE1906 /* epub-audiobook-tests.xctest */ = {isa = PBXFileReference; includeInIndex = 0; lastKnownFileType = wrapper.cfbundle; path = "epub-audiobook-tests.xctest"; sourceTree = BUILT_PRODUCTS_DIR; };
		408ECEE95FB20B7BA9AD0E09 /* ContainerParser.swift */ = {isa = PBXFileReference; lastKnownFileType = sourcecode.swift; path = ContainerParser.swift; sourceTree = "<group>"; };
		48264C4082D04B62511FD22F /* EpubAudiobookTests.swift */ = {isa = PBXFileReference; lastKnownFileType = sourcecode.swift; path = EpubAudiobookTests.swift; sourceTree = "<group>"; };
		4C8797AE309324861A45E166 /* TOCParserTests.swift */ = {isa = PBXFileReference; lastKnownFileType = sourcecode.swift; path = TOCParserTests.swift; sourceTree = "<group>"; };
		5946D1C0AA712B0A617B0E68 /* PlaybackCoordinatorTests.swift */ = {isa = PBXFileReference; lastKnownFileType = sourcecode.swift; path = PlaybackCoordinatorTests.swift; sourceTree = "<group>"; };
		609802E47BF75D48BF09B8BC /* OPFParser.swift */ = {isa = PBXFileReference; lastKnownFileType = sourcecode.swift; path = OPFParser.swift; sourceTree = "<group>"; };
		663ABCF42DD0A0D248EDE766 /* BookImportService.swift */ = {isa = PBXFileReference; lastKnownFileType = sourcecode.swift; path = BookImportService.swift; sourceTree = "<group>"; };
		6BFCF23B8C2C737C54C29625 /* BookImportServiceTests.swift */ = {isa = PBXFileReference; lastKnownFileType = sourcecode.swift; path = BookImportServiceTests.swift; sourceTree = "<group>"; };
		6F4B3387788E5B2546EB891F /* TTSEngineProtocol.swift */ = {isa = PBXFileReference; lastKnownFileType = sourcecode.swift; path = TTSEngineProtocol.swift; sourceTree = "<group>"; };
		734A630F6BBE4EBA5E43C64B /* SystemTTSEngineTests.swift */ = {isa = PBXFileReference; lastKnownFileType = sourcecode.swift; path = SystemTTSEngineTests.swift; sourceTree = "<group>"; };
		83BAFF40F6F2667453458DFE /* MockTTSEngine.swift */ = {isa = PBXFileReference; lastKnownFileType = sourcecode.swift; path = MockTTSEngine.swift; sourceTree = "<group>"; };
		85E379FB2B4ABF19B562B4A9 /* PlaybackCoordinator.swift */ = {isa = PBXFileReference; lastKnownFileType = sourcecode.swift; path = PlaybackCoordinator.swift; sourceTree = "<group>"; };
		921D9FADBAFEE611F4340D65 /* BookTests.swift */ = {isa = PBXFileReference; lastKnownFileType = sourcecode.swift; path = BookTests.swift; sourceTree = "<group>"; };
		A19BE7FFA74921C7A2331BA3 /* epub-audiobook-uitests.xctest */ = {isa = PBXFileReference; includeInIndex = 0; lastKnownFileType = wrapper.cfbundle; path = "epub-audiobook-uitests.xctest"; sourceTree = BUILT_PRODUCTS_DIR; };
		A3B572F52A945B7F4032102D /* SystemTTSEngine.swift */ = {isa = PBXFileReference; lastKnownFileType = sourcecode.swift; path = SystemTTSEngine.swift; sourceTree = "<group>"; };
		A8D81A66A9FB7865F503E664 /* epub-audiobook.app */ = {isa = PBXFileReference; includeInIndex = 0; lastKnownFileType = wrapper.application; path = "epub-audiobook.app"; sourceTree = BUILT_PRODUCTS_DIR; };
		A8F6ED68EA284A630A2506A7 /* MockTTSEngineTests.swift */ = {isa = PBXFileReference; lastKnownFileType = sourcecode.swift; path = MockTTSEngineTests.swift; sourceTree = "<group>"; };
		BB3356C9905B59B77F24A887 /* EPUBParser.swift */ = {isa = PBXFileReference; lastKnownFileType = sourcecode.swift; path = EPUBParser.swift; sourceTree = "<group>"; };
		BDEA75388DDC7456CBF64C9F /* OPFParserTests.swift */ = {isa = PBXFileReference; lastKnownFileType = sourcecode.swift; path = OPFParserTests.swift; sourceTree = "<group>"; };
		CD55B9B3FCC1556BEE5E6DEC /* Chapter.swift */ = {isa = PBXFileReference; lastKnownFileType = sourcecode.swift; path = Chapter.swift; sourceTree = "<group>"; };
		D3F4543C6A47EA0081FF1883 /* EPUBParserIntegrationTests.swift */ = {isa = PBXFileReference; lastKnownFileType = sourcecode.swift; path = EPUBParserIntegrationTests.swift; sourceTree = "<group>"; };
		DA20B3E600DC2024D14B5C79 /* Book.swift */ = {isa = PBXFileReference; lastKnownFileType = sourcecode.swift; path = Book.swift; sourceTree = "<group>"; };
		DF24E16EC9736DA742B42FD3 /* ContainerParserTests.swift */ = {isa = PBXFileReference; lastKnownFileType = sourcecode.swift; path = ContainerParserTests.swift; sourceTree = "<group>"; };
		F5116056217C689187A4FD69 /* Bookmark.swift */ = {isa = PBXFileReference; lastKnownFileType = sourcecode.swift; path = Bookmark.swift; sourceTree = "<group>"; };
		FB39394A3AA6ECF922C5A210 /* TOCParser.swift */ = {isa = PBXFileReference; lastKnownFileType = sourcecode.swift; path = TOCParser.swift; sourceTree = "<group>"; };
		FEDD195E904ED109122A6E2B /* ReadingPosition.swift */ = {isa = PBXFileReference; lastKnownFileType = sourcecode.swift; path = ReadingPosition.swift; sourceTree = "<group>"; };
/* End PBXFileReference section */

/* Begin PBXFrameworksBuildPhase section */
		A380A1EF544B5F2E78BA2408 /* Frameworks */ = {
			isa = PBXFrameworksBuildPhase;
			buildActionMask = 2147483647;
			files = (
				B9CF53F97A010B042BB3EE36 /* ZIPFoundation in Frameworks */,
			);
			runOnlyForDeploymentPostprocessing = 0;
		};
		F2A256C3C54D32A3D3D38090 /* Frameworks */ = {
			isa = PBXFrameworksBuildPhase;
			buildActionMask = 2147483647;
			files = (
				693E65938974338DA2523A68 /* ZIPFoundation in Frameworks */,
			);
			runOnlyForDeploymentPostprocessing = 0;
		};
/* End PBXFrameworksBuildPhase section */

/* Begin PBXGroup section */
		05199DD8F54AA9DA8A7280CF /* epub-audiobook-tests */ = {
			isa = PBXGroup;
			children = (
				48264C4082D04B62511FD22F /* EpubAudiobookTests.swift */,
				A2BB713DC9EA87A9887012D2 /* EPUBParser */,
				36737C82ECA8AC4400C1DAE2 /* Models */,
				0FAA143D7C80DA72893158B0 /* Services */,
				951467768FAAD47AB9D74DBB /* TTSEngine */,
			);
			path = "epub-audiobook-tests";
			sourceTree = "<group>";
		};
		0B3FFDE82E38D1260E921CF5 = {
			isa = PBXGroup;
			children = (
				491145D14E92F288778EFCCA /* epub-audiobook */,
				05199DD8F54AA9DA8A7280CF /* epub-audiobook-tests */,
				D098B9FA77F9B68BC46A6958 /* epub-audiobook-uitests */,
				2CBB1B25EA981FB749F27F66 /* Products */,
			);
			sourceTree = "<group>";
		};
		0FAA143D7C80DA72893158B0 /* Services */ = {
			isa = PBXGroup;
			children = (
				6BFCF23B8C2C737C54C29625 /* BookImportServiceTests.swift */,
				5946D1C0AA712B0A617B0E68 /* PlaybackCoordinatorTests.swift */,
			);
			path = Services;
			sourceTree = "<group>";
		};
		1A43B82D4FB97EB1250B0074 /* Schema */ = {
			isa = PBXGroup;
			children = (
				04E86756D51D30B6BDA74BD0 /* MigrationPlan.swift */,
				155F7735C44C010D2BA4DD35 /* SchemaV1.swift */,
			);
			path = Schema;
			sourceTree = "<group>";
		};
		20D0455EF0B3EBD282D9E53E /* Services */ = {
			isa = PBXGroup;
			children = (
				663ABCF42DD0A0D248EDE766 /* BookImportService.swift */,
				85E379FB2B4ABF19B562B4A9 /* PlaybackCoordinator.swift */,
			);
			path = Services;
			sourceTree = "<group>";
		};
		2CBB1B25EA981FB749F27F66 /* Products */ = {
			isa = PBXGroup;
			children = (
				37250945424EEEA610FE1906 /* epub-audiobook-tests.xctest */,
				A19BE7FFA74921C7A2331BA3 /* epub-audiobook-uitests.xctest */,
				A8D81A66A9FB7865F503E664 /* epub-audiobook.app */,
			);
			name = Products;
			sourceTree = "<group>";
		};
		36737C82ECA8AC4400C1DAE2 /* Models */ = {
			isa = PBXGroup;
			children = (
				921D9FADBAFEE611F4340D65 /* BookTests.swift */,
			);
			path = Models;
			sourceTree = "<group>";
		};
		491145D14E92F288778EFCCA /* epub-audiobook */ = {
			isa = PBXGroup;
			children = (
				DF4AB5071108D4288A375210 /* App */,
				82240FD8727EAE7B4C157000 /* EPUBParser */,
				EAED8A2B7C624BEE7EE736EF /* Models */,
				20D0455EF0B3EBD282D9E53E /* Services */,
				5659CF130D6017C335326E1A /* TTSEngine */,
				931538929B4D7563F0749981 /* Views */,
			);
			path = "epub-audiobook";
			sourceTree = "<group>";
		};
		5659CF130D6017C335326E1A /* TTSEngine */ = {
			isa = PBXGroup;
			children = (
				83BAFF40F6F2667453458DFE /* MockTTSEngine.swift */,
				A3B572F52A945B7F4032102D /* SystemTTSEngine.swift */,
				6F4B3387788E5B2546EB891F /* TTSEngineProtocol.swift */,
			);
			path = TTSEngine;
			sourceTree = "<group>";
		};
		82240FD8727EAE7B4C157000 /* EPUBParser */ = {
			isa = PBXGroup;
			children = (
				408ECEE95FB20B7BA9AD0E09 /* ContainerParser.swift */,
				BB3356C9905B59B77F24A887 /* EPUBParser.swift */,
				609802E47BF75D48BF09B8BC /* OPFParser.swift */,
				FB39394A3AA6ECF922C5A210 /* TOCParser.swift */,
				217937B46904680337F233AE /* XHTMLTextExtractor.swift */,
			);
			path = EPUBParser;
			sourceTree = "<group>";
		};
		865468B1CB999BF8E218A26E /* Library */ = {
			isa = PBXGroup;
			children = (
				156F0969985E043113E89932 /* LibraryView.swift */,
			);
			path = Library;
			sourceTree = "<group>";
		};
		931538929B4D7563F0749981 /* Views */ = {
			isa = PBXGroup;
			children = (
				865468B1CB999BF8E218A26E /* Library */,
			);
			path = Views;
			sourceTree = "<group>";
		};
		951467768FAAD47AB9D74DBB /* TTSEngine */ = {
			isa = PBXGroup;
			children = (
				A8F6ED68EA284A630A2506A7 /* MockTTSEngineTests.swift */,
				734A630F6BBE4EBA5E43C64B /* SystemTTSEngineTests.swift */,
			);
			path = TTSEngine;
			sourceTree = "<group>";
		};
		A2BB713DC9EA87A9887012D2 /* EPUBParser */ = {
			isa = PBXGroup;
			children = (
				DF24E16EC9736DA742B42FD3 /* ContainerParserTests.swift */,
				D3F4543C6A47EA0081FF1883 /* EPUBParserIntegrationTests.swift */,
				BDEA75388DDC7456CBF64C9F /* OPFParserTests.swift */,
				4C8797AE309324861A45E166 /* TOCParserTests.swift */,
				18D5EA5C5277F758DC8DEC69 /* XHTMLTextExtractorTests.swift */,
			);
			path = EPUBParser;
			sourceTree = "<group>";
		};
		D098B9FA77F9B68BC46A6958 /* epub-audiobook-uitests */ = {
			isa = PBXGroup;
			children = (
				01A40164C8545C84642507FA /* EpubAudiobookUITests.swift */,
			);
			path = "epub-audiobook-uitests";
			sourceTree = "<group>";
		};
		DF4AB5071108D4288A375210 /* App */ = {
			isa = PBXGroup;
			children = (
				10DF3B4649DC79C9BADF5EE1 /* EpubAudiobookApp.swift */,
			);
			path = App;
			sourceTree = "<group>";
		};
		EAED8A2B7C624BEE7EE736EF /* Models */ = {
			isa = PBXGroup;
			children = (
				DA20B3E600DC2024D14B5C79 /* Book.swift */,
				F5116056217C689187A4FD69 /* Bookmark.swift */,
				CD55B9B3FCC1556BEE5E6DEC /* Chapter.swift */,
				FEDD195E904ED109122A6E2B /* ReadingPosition.swift */,
				1A43B82D4FB97EB1250B0074 /* Schema */,
			);
			path = Models;
			sourceTree = "<group>";
		};
/* End PBXGroup section */

/* Begin PBXNativeTarget section */
		1CA9CEC40927D68ADE9F1136 /* epub-audiobook */ = {
			isa = PBXNativeTarget;
			buildConfigurationList = FDB1ED37BA6142F0632DE36D /* Build configuration list for PBXNativeTarget "epub-audiobook" */;
			buildPhases = (
				FD5A0101B5B6CF1DACD7A758 /* Sources */,
				F2A256C3C54D32A3D3D38090 /* Frameworks */,
			);
			buildRules = (
			);
			dependencies = (
			);
			name = "epub-audiobook";
			packageProductDependencies = (
				8832FC96FFCB76EF8B930233 /* ZIPFoundation */,
			);
			productName = "epub-audiobook";
			productReference = A8D81A66A9FB7865F503E664 /* epub-audiobook.app */;
			productType = "com.apple.product-type.application";
		};
		9F4F547C7EEBF7E3BD48025A /* epub-audiobook-uitests */ = {
			isa = PBXNativeTarget;
			buildConfigurationList = 2F68F0B4BFBC35F6DBDB003F /* Build configuration list for PBXNativeTarget "epub-audiobook-uitests" */;
			buildPhases = (
				60DB7B403346352525A2D2B8 /* Sources */,
			);
			buildRules = (
			);
			dependencies = (
				43EB2A4DF2E367937B780DC3 /* PBXTargetDependency */,
			);
			name = "epub-audiobook-uitests";
			packageProductDependencies = (
			);
			productName = "epub-audiobook-uitests";
			productReference = A19BE7FFA74921C7A2331BA3 /* epub-audiobook-uitests.xctest */;
			productType = "com.apple.product-type.bundle.ui-testing";
		};
		E38165ED698C0CB46C2DD5DC /* epub-audiobook-tests */ = {
			isa = PBXNativeTarget;
			buildConfigurationList = AC0A5DF9708EE000271C8BED /* Build configuration list for PBXNativeTarget "epub-audiobook-tests" */;
			buildPhases = (
				B04FB5FFFC83F612BE1D5BBE /* Sources */,
				A380A1EF544B5F2E78BA2408 /* Frameworks */,
			);
			buildRules = (
			);
			dependencies = (
				1072CFF618A85F82A64333B1 /* PBXTargetDependency */,
			);
			name = "epub-audiobook-tests";
			packageProductDependencies = (
				AD1B97080E17DEE4A6E54088 /* ZIPFoundation */,
			);
			productName = "epub-audiobook-tests";
			productReference = 37250945424EEEA610FE1906 /* epub-audiobook-tests.xctest */;
			productType = "com.apple.product-type.bundle.unit-test";
		};
/* End PBXNativeTarget section */

/* Begin PBXProject section */
		FF56F9591A6EC3C777D6CE68 /* Project object */ = {
			isa = PBXProject;
			attributes = {
				BuildIndependentTargetsInParallel = YES;
				LastUpgradeCheck = 1620;
				TargetAttributes = {
					9F4F547C7EEBF7E3BD48025A = {
						TestTargetID = 1CA9CEC40927D68ADE9F1136;
					};
				};
			};
			buildConfigurationList = 2A0A9AF795F1EF7341C327B6 /* Build configuration list for PBXProject "epub-audiobook" */;
			compatibilityVersion = "Xcode 14.0";
			developmentRegion = en;
			hasScannedForEncodings = 0;
			knownRegions = (
				Base,
				en,
			);
			mainGroup = 0B3FFDE82E38D1260E921CF5;
			minimizedProjectReferenceProxies = 1;
			packageReferences = (
				AD06BEBA0B3F1066EAECE656 /* XCRemoteSwiftPackageReference "ZIPFoundation" */,
			);
			preferredProjectObjectVersion = 77;
			projectDirPath = "";
			projectRoot = "";
			targets = (
				1CA9CEC40927D68ADE9F1136 /* epub-audiobook */,
				E38165ED698C0CB46C2DD5DC /* epub-audiobook-tests */,
				9F4F547C7EEBF7E3BD48025A /* epub-audiobook-uitests */,
			);
		};
/* End PBXProject section */

/* Begin PBXSourcesBuildPhase section */
		60DB7B403346352525A2D2B8 /* Sources */ = {
			isa = PBXSourcesBuildPhase;
			buildActionMask = 2147483647;
			files = (
				E3848B6B8517670CF1CA8F91 /* EpubAudiobookUITests.swift in Sources */,
			);
			runOnlyForDeploymentPostprocessing = 0;
		};
		B04FB5FFFC83F612BE1D5BBE /* Sources */ = {
			isa = PBXSourcesBuildPhase;
			buildActionMask = 2147483647;
			files = (
				60677B1DA0FCD643BA5EDAB1 /* BookImportServiceTests.swift in Sources */,
				3E0FEE0168957BC0A5ABF4FA /* BookTests.swift in Sources */,
				133727FD9E86AA3440396AAF /* ContainerParserTests.swift in Sources */,
				25C720FC73D0ED5A9F511378 /* EPUBParserIntegrationTests.swift in Sources */,
				CD8E66AB72009273CB2CE5CF /* EpubAudiobookTests.swift in Sources */,
				B9937B4088C0BE75899F7E33 /* MockTTSEngineTests.swift in Sources */,
				B321831F42FB3BD7B82DF610 /* OPFParserTests.swift in Sources */,
				746DA7D42DCD267AF677B520 /* PlaybackCoordinatorTests.swift in Sources */,
				FCF6A418D8DD74EACF5870A1 /* SystemTTSEngineTests.swift in Sources */,
				4F5C4DDE24A2A14E5EDE103C /* TOCParserTests.swift in Sources */,
				34C64330D13C29C13AAA51B0 /* XHTMLTextExtractorTests.swift in Sources */,
			);
			runOnlyForDeploymentPostprocessing = 0;
		};
		FD5A0101B5B6CF1DACD7A758 /* Sources */ = {
			isa = PBXSourcesBuildPhase;
			buildActionMask = 2147483647;
			files = (
				C1479AC6097E63A4E107CFA5 /* Book.swift in Sources */,
				76A8D9B6C96F21C1FB61C314 /* BookImportService.swift in Sources */,
				3DA469351D1467832DF7735F /* Bookmark.swift in Sources */,
				2C49A8B1B16FCD7D9CBE7022 /* Chapter.swift in Sources */,
				0CA49C166F4BA0095C209F6A /* ContainerParser.swift in Sources */,
				637E081E35A2AB9E1AC50BEF /* EPUBParser.swift in Sources */,
				E0D87D455E141588D54734FC /* EpubAudiobookApp.swift in Sources */,
				CA6464A45233F906A6D0CE11 /* LibraryView.swift in Sources */,
				561E2D65651E5560586FF0B6 /* MigrationPlan.swift in Sources */,
				A6C28E88360A9B74B50464B8 /* MockTTSEngine.swift in Sources */,
				1784BA61AE39F8AFDFA5E55F /* OPFParser.swift in Sources */,
				6A86AB3116B990A455FECCB0 /* PlaybackCoordinator.swift in Sources */,
				4039071F6DE8161F5826182D /* ReadingPosition.swift in Sources */,
				D5A36D05D51A80C1C14BDC72 /* SchemaV1.swift in Sources */,
				CC6288AF598EF3C0132F352F /* SystemTTSEngine.swift in Sources */,
				3760C835AEDA0B7E3AD41BE9 /* TOCParser.swift in Sources */,
				16104F8A9D0F51C2D52F1C3C /* TTSEngineProtocol.swift in Sources */,
				103E3209D83C7A3BCBD11758 /* XHTMLTextExtractor.swift in Sources */,
			);
			runOnlyForDeploymentPostprocessing = 0;
		};
/* End PBXSourcesBuildPhase section */

/* Begin PBXTargetDependency section */
		1072CFF618A85F82A64333B1 /* PBXTargetDependency */ = {
			isa = PBXTargetDependency;
			target = 1CA9CEC40927D68ADE9F1136 /* epub-audiobook */;
			targetProxy = 3EF5570964F39D18226FF804 /* PBXContainerItemProxy */;
		};
		43EB2A4DF2E367937B780DC3 /* PBXTargetDependency */ = {
			isa = PBXTargetDependency;
			target = 1CA9CEC40927D68ADE9F1136 /* epub-audiobook */;
			targetProxy = E51E6F6B32ECBA2526A787C9 /* PBXContainerItemProxy */;
		};
/* End PBXTargetDependency section */

/* Begin XCBuildConfiguration section */
		0753B494DB44F6209D216BA9 /* Debug */ = {
			isa = XCBuildConfiguration;
			buildSettings = {
				ALWAYS_SEARCH_USER_PATHS = NO;
				CLANG_ANALYZER_NONNULL = YES;
				CLANG_ANALYZER_NUMBER_OBJECT_CONVERSION = YES_AGGRESSIVE;
				CLANG_CXX_LANGUAGE_STANDARD = "gnu++14";
				CLANG_CXX_LIBRARY = "libc++";
				CLANG_ENABLE_MODULES = YES;
				CLANG_ENABLE_OBJC_ARC = YES;
				CLANG_ENABLE_OBJC_WEAK = YES;
				CLANG_WARN_BLOCK_CAPTURE_AUTORELEASING = YES;
				CLANG_WARN_BOOL_CONVERSION = YES;
				CLANG_WARN_COMMA = YES;
				CLANG_WARN_CONSTANT_CONVERSION = YES;
				CLANG_WARN_DEPRECATED_OBJC_IMPLEMENTATIONS = YES;
				CLANG_WARN_DIRECT_OBJC_ISA_USAGE = YES_ERROR;
				CLANG_WARN_DOCUMENTATION_COMMENTS = YES;
				CLANG_WARN_EMPTY_BODY = YES;
				CLANG_WARN_ENUM_CONVERSION = YES;
				CLANG_WARN_INFINITE_RECURSION = YES;
				CLANG_WARN_INT_CONVERSION = YES;
				CLANG_WARN_NON_LITERAL_NULL_CONVERSION = YES;
				CLANG_WARN_OBJC_IMPLICIT_RETAIN_SELF = YES;
				CLANG_WARN_OBJC_LITERAL_CONVERSION = YES;
				CLANG_WARN_OBJC_ROOT_CLASS = YES_ERROR;
				CLANG_WARN_QUOTED_INCLUDE_IN_FRAMEWORK_HEADER = YES;
				CLANG_WARN_RANGE_LOOP_ANALYSIS = YES;
				CLANG_WARN_STRICT_PROTOTYPES = YES;
				CLANG_WARN_SUSPICIOUS_MOVE = YES;
				CLANG_WARN_UNGUARDED_AVAILABILITY = YES_AGGRESSIVE;
				CLANG_WARN_UNREACHABLE_CODE = YES;
				CLANG_WARN__DUPLICATE_METHOD_MATCH = YES;
				COPY_PHASE_STRIP = NO;
				DEBUG_INFORMATION_FORMAT = dwarf;
				ENABLE_STRICT_OBJC_MSGSEND = YES;
				ENABLE_TESTABILITY = YES;
				GCC_C_LANGUAGE_STANDARD = gnu11;
				GCC_DYNAMIC_NO_PIC = NO;
				GCC_NO_COMMON_BLOCKS = YES;
				GCC_OPTIMIZATION_LEVEL = 0;
				GCC_PREPROCESSOR_DEFINITIONS = (
					"$(inherited)",
					"DEBUG=1",
				);
				GCC_WARN_64_TO_32_BIT_CONVERSION = YES;
				GCC_WARN_ABOUT_RETURN_TYPE = YES_ERROR;
				GCC_WARN_UNDECLARED_SELECTOR = YES;
				GCC_WARN_UNINITIALIZED_AUTOS = YES_AGGRESSIVE;
				GCC_WARN_UNUSED_FUNCTION = YES;
				GCC_WARN_UNUSED_VARIABLE = YES;
				IPHONEOS_DEPLOYMENT_TARGET = 17.4;
				MTL_ENABLE_DEBUG_INFO = INCLUDE_SOURCE;
				MTL_FAST_MATH = YES;
				ONLY_ACTIVE_ARCH = YES;
				PRODUCT_NAME = "$(TARGET_NAME)";
				SDKROOT = iphoneos;
				SWIFT_ACTIVE_COMPILATION_CONDITIONS = DEBUG;
				SWIFT_OPTIMIZATION_LEVEL = "-Onone";
				SWIFT_VERSION = 5.0;
			};
			name = Debug;
		};
		1D0F46395ACC116B42F41725 /* Release */ = {
			isa = XCBuildConfiguration;
			buildSettings = {
				ALWAYS_SEARCH_USER_PATHS = NO;
				CLANG_ANALYZER_NONNULL = YES;
				CLANG_ANALYZER_NUMBER_OBJECT_CONVERSION = YES_AGGRESSIVE;
				CLANG_CXX_LANGUAGE_STANDARD = "gnu++14";
				CLANG_CXX_LIBRARY = "libc++";
				CLANG_ENABLE_MODULES = YES;
				CLANG_ENABLE_OBJC_ARC = YES;
				CLANG_ENABLE_OBJC_WEAK = YES;
				CLANG_WARN_BLOCK_CAPTURE_AUTORELEASING = YES;
				CLANG_WARN_BOOL_CONVERSION = YES;
				CLANG_WARN_COMMA = YES;
				CLANG_WARN_CONSTANT_CONVERSION = YES;
				CLANG_WARN_DEPRECATED_OBJC_IMPLEMENTATIONS = YES;
				CLANG_WARN_DIRECT_OBJC_ISA_USAGE = YES_ERROR;
				CLANG_WARN_DOCUMENTATION_COMMENTS = YES;
				CLANG_WARN_EMPTY_BODY = YES;
				CLANG_WARN_ENUM_CONVERSION = YES;
				CLANG_WARN_INFINITE_RECURSION = YES;
				CLANG_WARN_INT_CONVERSION = YES;
				CLANG_WARN_NON_LITERAL_NULL_CONVERSION = YES;
				CLANG_WARN_OBJC_IMPLICIT_RETAIN_SELF = YES;
				CLANG_WARN_OBJC_LITERAL_CONVERSION = YES;
				CLANG_WARN_OBJC_ROOT_CLASS = YES_ERROR;
				CLANG_WARN_QUOTED_INCLUDE_IN_FRAMEWORK_HEADER = YES;
				CLANG_WARN_RANGE_LOOP_ANALYSIS = YES;
				CLANG_WARN_STRICT_PROTOTYPES = YES;
				CLANG_WARN_SUSPICIOUS_MOVE = YES;
				CLANG_WARN_UNGUARDED_AVAILABILITY = YES_AGGRESSIVE;
				CLANG_WARN_UNREACHABLE_CODE = YES;
				CLANG_WARN__DUPLICATE_METHOD_MATCH = YES;
				COPY_PHASE_STRIP = NO;
				DEBUG_INFORMATION_FORMAT = "dwarf-with-dsym";
				ENABLE_NS_ASSERTIONS = NO;
				ENABLE_STRICT_OBJC_MSGSEND = YES;
				GCC_C_LANGUAGE_STANDARD = gnu11;
				GCC_NO_COMMON_BLOCKS = YES;
				GCC_WARN_64_TO_32_BIT_CONVERSION = YES;
				GCC_WARN_ABOUT_RETURN_TYPE = YES_ERROR;
				GCC_WARN_UNDECLARED_SELECTOR = YES;
				GCC_WARN_UNINITIALIZED_AUTOS = YES_AGGRESSIVE;
				GCC_WARN_UNUSED_FUNCTION = YES;
				GCC_WARN_UNUSED_VARIABLE = YES;
				IPHONEOS_DEPLOYMENT_TARGET = 17.4;
				MTL_ENABLE_DEBUG_INFO = NO;
				MTL_FAST_MATH = YES;
				PRODUCT_NAME = "$(TARGET_NAME)";
				SDKROOT = iphoneos;
				SWIFT_COMPILATION_MODE = wholemodule;
				SWIFT_OPTIMIZATION_LEVEL = "-O";
				SWIFT_VERSION = 5.0;
			};
			name = Release;
		};
		273321E5B814B1CFF9CF5301 /* Debug */ = {
			isa = XCBuildConfiguration;
			buildSettings = {
				ASSETCATALOG_COMPILER_APPICON_NAME = AppIcon;
				CODE_SIGN_IDENTITY = "iPhone Developer";
				CURRENT_PROJECT_VERSION = 1;
				GENERATE_INFOPLIST_FILE = YES;
				INFOPLIST_GENERATION_MODE = GeneratedFile;
				LD_RUNPATH_SEARCH_PATHS = (
					"$(inherited)",
					"@executable_path/Frameworks",
				);
				MARKETING_VERSION = 0.1.0;
				PRODUCT_BUNDLE_IDENTIFIER = "com.tigoss.epub-audiobook";
				SDKROOT = iphoneos;
				SWIFT_VERSION = 6.0;
				TARGETED_DEVICE_FAMILY = "1,2";
			};
			name = Debug;
		};
		551F1BF3702F0309797A8BEF /* Debug */ = {
			isa = XCBuildConfiguration;
			buildSettings = {
				BUNDLE_LOADER = "$(TEST_HOST)";
				GENERATE_INFOPLIST_FILE = YES;
				LD_RUNPATH_SEARCH_PATHS = (
					"$(inherited)",
					"@executable_path/Frameworks",
					"@loader_path/Frameworks",
				);
				PRODUCT_BUNDLE_IDENTIFIER = "com.tigoss.epub-audiobook-tests";
				SDKROOT = iphoneos;
				SWIFT_VERSION = 6.0;
				TARGETED_DEVICE_FAMILY = "1,2";
				TEST_HOST = "$(BUILT_PRODUCTS_DIR)/epub-audiobook.app/epub-audiobook";
			};
			name = Debug;
		};
		9503BD922754305AB997A318 /* Debug */ = {
			isa = XCBuildConfiguration;
			buildSettings = {
				BUNDLE_LOADER = "$(TEST_HOST)";
				GENERATE_INFOPLIST_FILE = YES;
				LD_RUNPATH_SEARCH_PATHS = (
					"$(inherited)",
					"@executable_path/Frameworks",
					"@loader_path/Frameworks",
				);
				PRODUCT_BUNDLE_IDENTIFIER = "com.tigoss.epub-audiobook-uitests";
				SDKROOT = iphoneos;
				SWIFT_VERSION = 6.0;
				TARGETED_DEVICE_FAMILY = "1,2";
				TEST_TARGET_NAME = "epub-audiobook";
			};
			name = Debug;
		};
		C48B27988E7A246D736B147F /* Release */ = {
			isa = XCBuildConfiguration;
			buildSettings = {
				BUNDLE_LOADER = "$(TEST_HOST)";
				GENERATE_INFOPLIST_FILE = YES;
				LD_RUNPATH_SEARCH_PATHS = (
					"$(inherited)",
					"@executable_path/Frameworks",
					"@loader_path/Frameworks",
				);
				PRODUCT_BUNDLE_IDENTIFIER = "com.tigoss.epub-audiobook-uitests";
				SDKROOT = iphoneos;
				SWIFT_VERSION = 6.0;
				TARGETED_DEVICE_FAMILY = "1,2";
				TEST_TARGET_NAME = "epub-audiobook";
			};
			name = Release;
		};
		DDC518B2E0F462AD7C62BD2D /* Release */ = {
			isa = XCBuildConfiguration;
			buildSettings = {
				ASSETCATALOG_COMPILER_APPICON_NAME = AppIcon;
				CODE_SIGN_IDENTITY = "iPhone Developer";
				CURRENT_PROJECT_VERSION = 1;
				GENERATE_INFOPLIST_FILE = YES;
				INFOPLIST_GENERATION_MODE = GeneratedFile;
				LD_RUNPATH_SEARCH_PATHS = (
					"$(inherited)",
					"@executable_path/Frameworks",
				);
				MARKETING_VERSION = 0.1.0;
				PRODUCT_BUNDLE_IDENTIFIER = "com.tigoss.epub-audiobook";
				SDKROOT = iphoneos;
				SWIFT_VERSION = 6.0;
				TARGETED_DEVICE_FAMILY = "1,2";
			};
			name = Release;
		};
		EB72166120FF5A872394F869 /* Release */ = {
			isa = XCBuildConfiguration;
			buildSettings = {
				BUNDLE_LOADER = "$(TEST_HOST)";
				GENERATE_INFOPLIST_FILE = YES;
				LD_RUNPATH_SEARCH_PATHS = (
					"$(inherited)",
					"@executable_path/Frameworks",
					"@loader_path/Frameworks",
				);
				PRODUCT_BUNDLE_IDENTIFIER = "com.tigoss.epub-audiobook-tests";
				SDKROOT = iphoneos;
				SWIFT_VERSION = 6.0;
				TARGETED_DEVICE_FAMILY = "1,2";
				TEST_HOST = "$(BUILT_PRODUCTS_DIR)/epub-audiobook.app/epub-audiobook";
			};
			name = Release;
		};
/* End XCBuildConfiguration section */

/* Begin XCConfigurationList section */
		2A0A9AF795F1EF7341C327B6 /* Build configuration list for PBXProject "epub-audiobook" */ = {
			isa = XCConfigurationList;
			buildConfigurations = (
				0753B494DB44F6209D216BA9 /* Debug */,
				1D0F46395ACC116B42F41725 /* Release */,
			);
			defaultConfigurationIsVisible = 0;
			defaultConfigurationName = Debug;
		};
		2F68F0B4BFBC35F6DBDB003F /* Build configuration list for PBXNativeTarget "epub-audiobook-uitests" */ = {
			isa = XCConfigurationList;
			buildConfigurations = (
				9503BD922754305AB997A318 /* Debug */,
				C48B27988E7A246D736B147F /* Release */,
			);
			defaultConfigurationIsVisible = 0;
			defaultConfigurationName = Debug;
		};
		AC0A5DF9708EE000271C8BED /* Build configuration list for PBXNativeTarget "epub-audiobook-tests" */ = {
			isa = XCConfigurationList;
			buildConfigurations = (
				551F1BF3702F0309797A8BEF /* Debug */,
				EB72166120FF5A872394F869 /* Release */,
			);
			defaultConfigurationIsVisible = 0;
			defaultConfigurationName = Debug;
		};
		FDB1ED37BA6142F0632DE36D /* Build configuration list for PBXNativeTarget "epub-audiobook" */ = {
			isa = XCConfigurationList;
			buildConfigurations = (
				273321E5B814B1CFF9CF5301 /* Debug */,
				DDC518B2E0F462AD7C62BD2D /* Release */,
			);
			defaultConfigurationIsVisible = 0;
			defaultConfigurationName = Debug;
		};
/* End XCConfigurationList section */

/* Begin XCRemoteSwiftPackageReference section */
		AD06BEBA0B3F1066EAECE656 /* XCRemoteSwiftPackageReference "ZIPFoundation" */ = {
			isa = XCRemoteSwiftPackageReference;
			repositoryURL = "https://github.com/weichsel/ZIPFoundation";
			requirement = {
				kind = upToNextMajorVersion;
				minimumVersion = 0.9.19;
			};
		};
/* End XCRemoteSwiftPackageReference section */

/* Begin XCSwiftPackageProductDependency section */
		8832FC96FFCB76EF8B930233 /* ZIPFoundation */ = {
			isa = XCSwiftPackageProductDependency;
			package = AD06BEBA0B3F1066EAECE656 /* XCRemoteSwiftPackageReference "ZIPFoundation" */;
			productName = ZIPFoundation;
		};
		AD1B97080E17DEE4A6E54088 /* ZIPFoundation */ = {
			isa = XCSwiftPackageProductDependency;
			package = AD06BEBA0B3F1066EAECE656 /* XCRemoteSwiftPackageReference "ZIPFoundation" */;
			productName = ZIPFoundation;
		};
/* End XCSwiftPackageProductDependency section */
	};
	rootObject = FF56F9591A6EC3C777D6CE68 /* Project object */;
}
